
Microsoft Visual Studio Solution File, Format Version 12.00
# Visual Studio Version 16
VisualStudioVersion = 16.0.32428.217
MinimumVisualStudioVersion = 10.0.40219.1
Project("{8BC9CEB8-8B4A-11D0-8D11-00A0C91BC942}") = "bootcampTestTask", "bootcampTestTask.vcxproj", "{6FB10EF4-D5B3-4BAF-B3E6-2CF8973822DF}"
EndProject
Global
	GlobalSection(SolutionConfigurationPlatforms) = preSolution
		Debug|x64 = Debug|x64
		Debug|x86 = Debug|x86
		Release|x64 = Release|x64
		Release|x86 = Release|x86
	EndGlobalSection
	GlobalSection(ProjectConfigurationPlatforms) = postSolution
		{6FB10EF4-D5B3-4BAF-B3E6-2CF8973822DF}.Debug|x64.ActiveCfg = Debug|x64
		{6FB10EF4-D5B3-4BAF-B3E6-2CF8973822DF}.Debug|x64.Build.0 = Debug|x64
		{6FB10EF4-D5B3-4BAF-B3E6-2CF8973822DF}.Debug|x86.ActiveCfg = Debug|Win32
		{6FB10EF4-D5B3-4BAF-B3E6-2CF8973822DF}.Debug|x86.Build.0 = Debug|Win32
		{6FB10EF4-D5B3-4BAF-B3E6-2CF8973822DF}.Release|x64.ActiveCfg = Release|x64
		{6FB10EF4-D5B3-4BAF-B3E6-2CF8973822DF}.Release|x64.Build.0 = Release|x64
		{6FB10EF4-D5B3-4BAF-B3E6-2CF8973822DF}.Release|x86.ActiveCfg = Release|Win32
		{6FB10EF4-D5B3-4BAF-B3E6-2CF8973822DF}.Release|x86.Build.0 = Release|Win32
	EndGlobalSection
	GlobalSection(SolutionProperties) = preSolution
		HideSolutionNode = FALSE
	EndGlobalSection
	GlobalSection(ExtensibilityGlobals) = postSolution
		SolutionGuid = {2413D936-EE4A-4149-8188-22E6E5FBC7C6}
	EndGlobalSection
EndGlobal
